
Microsoft Visual Studio Solution File, Format Version 12.00
# Visual Studio Version 16
VisualStudioVersion = 16.0.31515.178
MinimumVisualStudioVersion = 10.0.40219.1
Project("{2150E333-8FDC-42A3-9474-1A3956D46DE8}") = "src", "src", "{88AAABCA-C558-49D0-B322-D1A67D8A129E}"
EndProject
Project("{2150E333-8FDC-42A3-9474-1A3956D46DE8}") = "test", "test", "{F94E6200-6771-4353-BD60-AC3621C9FC27}"
EndProject
Project("{9A19103F-16F7-4668-BE54-9A1E7A4F7556}") = "SystemInfo.Core", "src\SystemInfo.Core\SystemInfo.Core.csproj", "{9B8E7757-9368-4034-9ECD-7892E7F730F7}"
EndProject
Project("{9A19103F-16F7-4668-BE54-9A1E7A4F7556}") = "SystemInfo.WPF", "src\SystemInfo.WPF\SystemInfo.WPF.csproj", "{1613D3C7-4359-4751-950A-8C408595DE77}"
EndProject
Project("{930C7802-8A8C-48F9-8165-68863BCCD9DD}") = "SystemInfo.Installer", "src\SystemInfo.Installer\SystemInfo.Installer.wixproj", "{B219F054-82BE-464B-8033-0A24644822A2}"
	ProjectSection(ProjectDependencies) = postProject
		{1613D3C7-4359-4751-950A-8C408595DE77} = {1613D3C7-4359-4751-950A-8C408595DE77}
	EndProjectSection
EndProject
Project("{2150E333-8FDC-42A3-9474-1A3956D46DE8}") = "Solution Items", "Solution Items", "{221C5A58-0068-4194-AA00-3424766CDC3B}"
	ProjectSection(SolutionItems) = preProject
		.gitattributes = .gitattributes
		.gitignore = .gitignore
		.github\dependabot.yml = .github\dependabot.yml
		Directory.Build.props = Directory.Build.props
		version.json = version.json
	EndProjectSection
EndProject
Global
	GlobalSection(SolutionConfigurationPlatforms) = preSolution
		Debug|Any CPU = Debug|Any CPU
		Debug|x86 = Debug|x86
		Release|Any CPU = Release|Any CPU
		Release|x86 = Release|x86
	EndGlobalSection
	GlobalSection(ProjectConfigurationPlatforms) = postSolution
		{9B8E7757-9368-4034-9ECD-7892E7F730F7}.Debug|Any CPU.ActiveCfg = Debug|Any CPU
		{9B8E7757-9368-4034-9ECD-7892E7F730F7}.Debug|Any CPU.Build.0 = Debug|Any CPU
		{9B8E7757-9368-4034-9ECD-7892E7F730F7}.Debug|x86.ActiveCfg = Debug|Any CPU
		{9B8E7757-9368-4034-9ECD-7892E7F730F7}.Debug|x86.Build.0 = Debug|Any CPU
		{9B8E7757-9368-4034-9ECD-7892E7F730F7}.Release|Any CPU.ActiveCfg = Release|Any CPU
		{9B8E7757-9368-4034-9ECD-7892E7F730F7}.Release|Any CPU.Build.0 = Release|Any CPU
		{9B8E7757-9368-4034-9ECD-7892E7F730F7}.Release|x86.ActiveCfg = Release|Any CPU
		{9B8E7757-9368-4034-9ECD-7892E7F730F7}.Release|x86.Build.0 = Release|Any CPU
		{1613D3C7-4359-4751-950A-8C408595DE77}.Debug|Any CPU.ActiveCfg = Debug|Any CPU
		{1613D3C7-4359-4751-950A-8C408595DE77}.Debug|Any CPU.Build.0 = Debug|Any CPU
		{1613D3C7-4359-4751-950A-8C408595DE77}.Debug|x86.ActiveCfg = Debug|Any CPU
		{1613D3C7-4359-4751-950A-8C408595DE77}.Debug|x86.Build.0 = Debug|Any CPU
		{1613D3C7-4359-4751-950A-8C408595DE77}.Release|Any CPU.ActiveCfg = Release|Any CPU
		{1613D3C7-4359-4751-950A-8C408595DE77}.Release|Any CPU.Build.0 = Release|Any CPU
		{1613D3C7-4359-4751-950A-8C408595DE77}.Release|x86.ActiveCfg = Release|Any CPU
		{1613D3C7-4359-4751-950A-8C408595DE77}.Release|x86.Build.0 = Release|Any CPU
		{B219F054-82BE-464B-8033-0A24644822A2}.Debug|Any CPU.ActiveCfg = Debug|x86
		{B219F054-82BE-464B-8033-0A24644822A2}.Debug|x86.ActiveCfg = Debug|x86
		{B219F054-82BE-464B-8033-0A24644822A2}.Debug|x86.Build.0 = Debug|x86
		{B219F054-82BE-464B-8033-0A24644822A2}.Release|Any CPU.ActiveCfg = Release|x86
		{B219F054-82BE-464B-8033-0A24644822A2}.Release|x86.ActiveCfg = Release|x86
		{B219F054-82BE-464B-8033-0A24644822A2}.Release|x86.Build.0 = Release|x86
	EndGlobalSection
	GlobalSection(SolutionProperties) = preSolution
		HideSolutionNode = FALSE
	EndGlobalSection
	GlobalSection(NestedProjects) = preSolution
		{9B8E7757-9368-4034-9ECD-7892E7F730F7} = {88AAABCA-C558-49D0-B322-D1A67D8A129E}
		{1613D3C7-4359-4751-950A-8C408595DE77} = {88AAABCA-C558-49D0-B322-D1A67D8A129E}
		{B219F054-82BE-464B-8033-0A24644822A2} = {88AAABCA-C558-49D0-B322-D1A67D8A129E}
	EndGlobalSection
	GlobalSection(ExtensibilityGlobals) = postSolution
		SolutionGuid = {857F488C-E4A2-4C91-BE44-84749F3C8E82}
	EndGlobalSection
EndGlobal
