
Microsoft Visual Studio Solution File, Format Version 12.00
# Visual Studio 15
VisualStudioVersion = 15.0.28307.421
MinimumVisualStudioVersion = 10.0.40219.1
Project("{2150E333-8FDC-42A3-9474-1A3956D46DE8}") = "src", "src", "{88AAABCA-C558-49D0-B322-D1A67D8A129E}"
EndProject
Project("{2150E333-8FDC-42A3-9474-1A3956D46DE8}") = "test", "test", "{F94E6200-6771-4353-BD60-AC3621C9FC27}"
EndProject
Project("{FAE04EC0-301F-11D3-BF4B-00C04F79EFBC}") = "SystemInfo.Core", "src\SystemInfo.Core\SystemInfo.Core.csproj", "{9B8E7757-9368-4034-9ECD-7892E7F730F7}"
EndProject
Global
	GlobalSection(SolutionConfigurationPlatforms) = preSolution
		Debug|Any CPU = Debug|Any CPU
		Debug|x86 = Debug|x86
		Release|Any CPU = Release|Any CPU
		Release|x86 = Release|x86
	EndGlobalSection
	GlobalSection(ProjectConfigurationPlatforms) = postSolution
		{9B8E7757-9368-4034-9ECD-7892E7F730F7}.Debug|Any CPU.ActiveCfg = Debug|Any CPU
		{9B8E7757-9368-4034-9ECD-7892E7F730F7}.Debug|Any CPU.Build.0 = Debug|Any CPU
		{9B8E7757-9368-4034-9ECD-7892E7F730F7}.Debug|x86.ActiveCfg = Debug|Any CPU
		{9B8E7757-9368-4034-9ECD-7892E7F730F7}.Debug|x86.Build.0 = Debug|Any CPU
		{9B8E7757-9368-4034-9ECD-7892E7F730F7}.Release|Any CPU.ActiveCfg = Release|Any CPU
		{9B8E7757-9368-4034-9ECD-7892E7F730F7}.Release|Any CPU.Build.0 = Release|Any CPU
		{9B8E7757-9368-4034-9ECD-7892E7F730F7}.Release|x86.ActiveCfg = Release|Any CPU
		{9B8E7757-9368-4034-9ECD-7892E7F730F7}.Release|x86.Build.0 = Release|Any CPU
	EndGlobalSection
	GlobalSection(SolutionProperties) = preSolution
		HideSolutionNode = FALSE
	EndGlobalSection
	GlobalSection(NestedProjects) = preSolution
		{9B8E7757-9368-4034-9ECD-7892E7F730F7} = {88AAABCA-C558-49D0-B322-D1A67D8A129E}
	EndGlobalSection
	GlobalSection(ExtensibilityGlobals) = postSolution
		SolutionGuid = {857F488C-E4A2-4C91-BE44-84749F3C8E82}
	EndGlobalSection
EndGlobal
